
Microsoft Visual Studio Solution File, Format Version 12.00
# Visual Studio Version 16
VisualStudioVersion = 16.0.32002.261
MinimumVisualStudioVersion = 10.0.40219.1
Project("{FAE04EC0-301F-11D3-BF4B-00C04F79EFBC}") = "ExtensionMethods", "ExtensionMethods\ExtensionMethods.csproj", "{2F12ADC0-8F9E-43D4-9C72-CD08821C7E58}"
EndProject
Project("{FAE04EC0-301F-11D3-BF4B-00C04F79EFBC}") = "InterfaceExtensions", "InterfaceExtensions\InterfaceExtensions.csproj", "{1726B383-878A-4C09-AC30-8752F441C2E0}"
EndProject
Global
	GlobalSection(SolutionConfigurationPlatforms) = preSolution
		Debug|Any CPU = Debug|Any CPU
		Release|Any CPU = Release|Any CPU
	EndGlobalSection
	GlobalSection(ProjectConfigurationPlatforms) = postSolution
		{2F12ADC0-8F9E-43D4-9C72-CD08821C7E58}.Debug|Any CPU.ActiveCfg = Debug|Any CPU
		{2F12ADC0-8F9E-43D4-9C72-CD08821C7E58}.Debug|Any CPU.Build.0 = Debug|Any CPU
		{2F12ADC0-8F9E-43D4-9C72-CD08821C7E58}.Release|Any CPU.ActiveCfg = Release|Any CPU
		{2F12ADC0-8F9E-43D4-9C72-CD08821C7E58}.Release|Any CPU.Build.0 = Release|Any CPU
		{1726B383-878A-4C09-AC30-8752F441C2E0}.Debug|Any CPU.ActiveCfg = Debug|Any CPU
		{1726B383-878A-4C09-AC30-8752F441C2E0}.Debug|Any CPU.Build.0 = Debug|Any CPU
		{1726B383-878A-4C09-AC30-8752F441C2E0}.Release|Any CPU.ActiveCfg = Release|Any CPU
		{1726B383-878A-4C09-AC30-8752F441C2E0}.Release|Any CPU.Build.0 = Release|Any CPU
	EndGlobalSection
	GlobalSection(SolutionProperties) = preSolution
		HideSolutionNode = FALSE
	EndGlobalSection
	GlobalSection(ExtensibilityGlobals) = postSolution
		SolutionGuid = {D4035FAF-66A2-4E80-ACF6-E971D5C75BE0}
	EndGlobalSection
EndGlobal
